{
  "name": "ajs-2",
  "version": "1.0.0",
  "lockfileVersion": 3,
  "requires": true,
  "packages": {
    "": {
      "name": "ajs-2",
      "version": "1.0.0",
      "license": "ISC",
      "dependencies": {
        "@artemkornishon/ajs": "^1.0.0"
      }
    },
    "node_modules/@artemkornishon/ajs": {
      "version": "1.0.0",
      "resolved": "https://npm.pkg.github.com/download/@artemkornishon/ajs/1.0.0/f45001ebfebbd2d3afffcc39c57b474cc915f525",
      "integrity": "sha512-TmFoKrA8+yfr5bX42uw/cxXul2zvA5vGx2anUlYhRZdRBd3ZM67YXRgs1G6upd3Dh1OKYHNQ/GMFPREByooJVw==",
      "license": "ISC"
    }
  }
}
